<?xml version="1.0" encoding="UTF-8"?>
<Project ToolsVersion="15.0" xmlns="http://schemas.microsoft.com/developer/msbuild/2003">
  <ItemGroup>
    <CustomBuild Include="Z:\visual_studio\template\projects\glfw-3.2.1\CMakeFiles\83843ee005611c19f203abaf09daefe4\INSTALL_force.rule">
      <Filter>CMake Rules</Filter>
    </CustomBuild>
  </ItemGroup>
  <ItemGroup>
    <Filter Include="CMake Rules">
      <UniqueIdentifier>{E4604535-6C05-35CC-BCBC-1A12292712E9}</UniqueIdentifier>
    </Filter>
  </ItemGroup>
</Project>
